
Microsoft Visual Studio Solution File, Format Version 12.00
# Visual Studio Version 17
VisualStudioVersion = 17.5.002.0
MinimumVisualStudioVersion = 10.0.40219.1
Project("{2150E333-8FDC-42A3-9474-1A3956D46DE8}") = "AspNetReactApp", "AspNetReactApp", "{387BD0EC-D72F-489C-AF91-B152F51F2CED}"
EndProject
Project("{9A19103F-16F7-4668-BE54-9A1E7A4F7556}") = "Backend", "AspNetReactApp\Backend\Backend.csproj", "{22F87255-AAC1-4A9C-A6E6-12B702B12775}"
EndProject
Global
	GlobalSection(SolutionConfigurationPlatforms) = preSolution
		Debug|Any CPU = Debug|Any CPU
		Release|Any CPU = Release|Any CPU
	EndGlobalSection
	GlobalSection(ProjectConfigurationPlatforms) = postSolution
		{22F87255-AAC1-4A9C-A6E6-12B702B12775}.Debug|Any CPU.ActiveCfg = Debug|Any CPU
		{22F87255-AAC1-4A9C-A6E6-12B702B12775}.Debug|Any CPU.Build.0 = Debug|Any CPU
		{22F87255-AAC1-4A9C-A6E6-12B702B12775}.Release|Any CPU.ActiveCfg = Release|Any CPU
		{22F87255-AAC1-4A9C-A6E6-12B702B12775}.Release|Any CPU.Build.0 = Release|Any CPU
	EndGlobalSection
	GlobalSection(SolutionProperties) = preSolution
		HideSolutionNode = FALSE
	EndGlobalSection
	GlobalSection(NestedProjects) = preSolution
		{22F87255-AAC1-4A9C-A6E6-12B702B12775} = {387BD0EC-D72F-489C-AF91-B152F51F2CED}
	EndGlobalSection
	GlobalSection(ExtensibilityGlobals) = postSolution
		SolutionGuid = {C4865974-C1F4-40D3-906F-7FA2C9EEC075}
	EndGlobalSection
EndGlobal
